Microsoft Visual Studio Solution File, Format Version 12.00
# Visual Studio Version 17
VisualStudioVersion = 17.4.33110.190
MinimumVisualStudioVersion = 10.0.40219.1
Project("{FAE04EC0-301F-11D3-BF4B-00C04F79EFBC}") = "ThemeEditor", "ThemeEditor\ThemeEditor.csproj", "{B3CA28C7-F0A2-4834-B498-FE91F910A2E2}"
EndProject
Global
	GlobalSection(SolutionConfigurationPlatforms) = preSolution
		Debug|Any CPU = Debug|Any CPU
		Release|Any CPU = Release|Any CPU
	EndGlobalSection
	GlobalSection(ProjectConfigurationPlatforms) = postSolution
		{B3CA28C7-F0A2-4834-B498-FE91F910A2E2}.Debug|Any CPU.ActiveCfg = Debug|Any CPU
		{B3CA28C7-F0A2-4834-B498-FE91F910A2E2}.Debug|Any CPU.Build.0 = Debug|Any CPU
		{B3CA28C7-F0A2-4834-B498-FE91F910A2E2}.Release|Any CPU.ActiveCfg = Release|Any CPU
		{B3CA28C7-F0A2-4834-B498-FE91F910A2E2}.Release|Any CPU.Build.0 = Release|Any CPU
	EndGlobalSection
	GlobalSection(SolutionProperties) = preSolution
		HideSolutionNode = FALSE
	EndGlobalSection
	GlobalSection(ExtensibilityGlobals) = postSolution
		SolutionGuid = {16CCDD1A-8FC8-4D3F-AFF2-A3B70BB3B33A}
	EndGlobalSection
EndGlobal
